{
  "name": "lynx-needle-workspace",
  "version": "0.1.0",
  "lockfileVersion": 3,
  "requires": true,
  "packages": {
    "": {
      "name": "lynx-needle-workspace",
      "workspaces": [
        "packages/lynx-needle"
      ]
    },
    "node_modules/@clack/core": {
      "version": "1.4.3",
      "resolved": "https://registry.npmjs.org/@clack/core/-/core-1.4.3.tgz",
      "integrity": "sha512-/kr3UWNtdJfxZtPgDqUOmG2pvwlmcLGheex5yiZKdwbzZJxhV+HMNR9QNmyY5cGwTNV6LrR7Jtp+KjhUAP1qBQ==",
      "dev": true,
      "dependencies": {
        "fast-wrap-ansi": "^0.2.0",
        "sisteransi": "^1.0.5"
      },
      "engines": {
        "node": ">= 20.12.0"
      }
    },
    "node_modules/@clack/prompts": {
      "version": "1.7.0",
      "resolved": "https://registry.npmjs.org/@clack/prompts/-/prompts-1.7.0.tgz",
      "integrity": "sha512-y7/yvZ2TPAnR9+jnc00klvNNLkJiXFFrQA/hlLCcxA9a2A4zQIOimyFQ9XfwYKiGD1fb5GY8vbKIIgO8d5Tb2A==",
      "dev": true,
      "dependencies": {
        "@clack/core": "1.4.3",
        "fast-string-width": "^3.0.2",
        "fast-wrap-ansi": "^0.2.0",
        "sisteransi": "^1.0.5"
      },
      "engines": {
        "node": ">= 20.12.0"
      }
    },
    "node_modules/@lynx-js/autolink-codegen": {
      "name": "@lynx-js/autolink-codegen-canary",
      "version": "0.6.0-canary-20260908-9352a903",
      "resolved": "https://registry.npmjs.org/@lynx-js/autolink-codegen-canary/-/autolink-codegen-canary-0.6.0-canary-20260908-9352a903.tgz",
      "integrity": "sha512-CeksS8fO0Zw3U0lmlmItayT9erm6Il1sMwxof9LSwdebtH59eGJ4zgkCUSVxk+DgAvzRiFGogYycZAZj8zSuBg==",
      "dev": true,
      "bin": {
        "lynx-autolink-codegen": "dist/cli.js"
      },
      "engines": {
        "node": "^20 || ^22 || ^24"
      }
    },
    "node_modules/@lynx-js/lynx-library-headers": {
      "version": "0.0.21",
      "resolved": "https://registry.npmjs.org/@lynx-js/lynx-library-headers/-/lynx-library-headers-0.0.21.tgz",
      "integrity": "sha512-44kLSd6+4eZYRHGA+8WLhNHvhykKTjqbVUF5qlBa6gZ2sx3x4SMXc2s/sLG3j/jesKCdTtfCyrqzTCFGm4tc7w==",
      "dependencies": {
        "@lynx-js/lynxtron": "0.0.21"
      },
      "engines": {
        "node": "^22.18.0 || ^24.0.0 || ^26.0.0"
      }
    },
    "node_modules/@lynx-js/lynxtron": {
      "version": "0.0.21",
      "resolved": "https://registry.npmjs.org/@lynx-js/lynxtron/-/lynxtron-0.0.21.tgz",
      "integrity": "sha512-ndBXBYS5iK61fC2Ihy7/FmQvtNQVMU7AwbUG4cy31Kv36u1YtXE1kQUI+9iY3Mx8d+9LivLDHt/QRO+9+3guQw==",
      "hasInstallScript": true,
      "dependencies": {
        "node-fetch": "3.3.2",
        "proper-lockfile": "4.1.2",
        "zip-lib": "1.4.0"
      },
      "bin": {
        "lynxtron": "cli.js",
        "lynxtron-fuses": "fuses-cli.js"
      },
      "engines": {
        "node": "^22.18.0 || ^24.0.0 || ^26.0.0"
      }
    },
    "node_modules/@lynx-js/weak-node-api": {
      "version": "0.1.0",
      "resolved": "https://registry.npmjs.org/@lynx-js/weak-node-api/-/weak-node-api-0.1.0.tgz",
      "integrity": "sha512-FIw4ZCkqvyh7u2icVdIZy6FU8IVWNDJ9AQkom+4YZgTXMlhsDXUY6HPInxln02JuWba+cODwtOPBzBN2BUzQYA==",
      "license": "Apache-2.0",
      "dependencies": {
        "node-addon-api": "7.1.0"
      },
      "bin": {
        "create-weak-node-api": "scripts/create.mjs"
      }
    },
    "node_modules/buffer-crc32": {
      "version": "1.0.0",
      "resolved": "https://registry.npmjs.org/buffer-crc32/-/buffer-crc32-1.0.0.tgz",
      "integrity": "sha512-Db1SbgBS/fg/392AblrMJk97KggmvYhr4pB5ZIMTWtaivCPMWLkmb7m21cJvpvgK+J3nsU2CmmixNBZx4vFj/w==",
      "engines": {
        "node": ">=8.0.0"
      }
    },
    "node_modules/create-lynx-library-canary": {
      "version": "0.6.1-canary-20260908-9352a903",
      "resolved": "https://registry.npmjs.org/create-lynx-library-canary/-/create-lynx-library-canary-0.6.1-canary-20260908-9352a903.tgz",
      "integrity": "sha512-mucIO9p/vny+PPqskTlZgTE2tKT/h48gPUMIb8WrsayQd/UA27kflwSYxSTE4r1MTbxddIW3wlNBjTyrfKNnEg==",
      "dev": true,
      "dependencies": {
        "@clack/prompts": "1.7.0",
        "@lynx-js/autolink-codegen": "npm:@lynx-js/autolink-codegen-canary@0.6.0-canary-20260908-9352a903",
        "@lynx-js/weak-node-api": "^0.0.9"
      },
      "bin": {
        "create-lynx-library": "dist/cli.js"
      },
      "engines": {
        "node": "^20 || ^22 || ^24"
      }
    },
    "node_modules/create-lynx-library-canary/node_modules/@lynx-js/weak-node-api": {
      "version": "0.0.9",
      "resolved": "https://registry.npmjs.org/@lynx-js/weak-node-api/-/weak-node-api-0.0.9.tgz",
      "integrity": "sha512-s+UR4gBGxLKk/S1f7C8nEow/oxfgQ6pJQBR8fM4XOFYaecIHlgIj7/XujQw6f4wtk21VSP4BxrRWeomYjiEoJQ==",
      "dev": true,
      "dependencies": {
        "node-addon-api": "7.1.0"
      }
    },
    "node_modules/data-uri-to-buffer": {
      "version": "4.0.1",
      "resolved": "https://registry.npmjs.org/data-uri-to-buffer/-/data-uri-to-buffer-4.0.1.tgz",
      "integrity": "sha512-0R9ikRb668HB7QDxT1vkpuUBtqc53YyAwMwGeUFKRojY/NWKvdZ+9UYtRfGmhqNbRkTSVpMbmyhXipFFv2cb/A==",
      "engines": {
        "node": ">= 12"
      }
    },
    "node_modules/fast-string-truncated-width": {
      "version": "3.0.3",
      "resolved": "https://registry.npmjs.org/fast-string-truncated-width/-/fast-string-truncated-width-3.0.3.tgz",
      "integrity": "sha512-0jjjIEL6+0jag3l2XWWizO64/aZVtpiGE3t0Zgqxv0DPuxiMjvB3M24fCyhZUO4KomJQPj3LTSUnDP3GpdwC0g==",
      "dev": true
    },
    "node_modules/fast-string-width": {
      "version": "3.0.2",
      "resolved": "https://registry.npmjs.org/fast-string-width/-/fast-string-width-3.0.2.tgz",
      "integrity": "sha512-gX8LrtNEI5hq8DVUfRQMbr5lpaS4nMIWV+7XEbXk2b8kiQIizgnlr12B4dA3ZEx3308ze0O4Q1R+cHts8kyUJg==",
      "dev": true,
      "dependencies": {
        "fast-string-truncated-width": "^3.0.2"
      }
    },
    "node_modules/fast-wrap-ansi": {
      "version": "0.2.2",
      "resolved": "https://registry.npmjs.org/fast-wrap-ansi/-/fast-wrap-ansi-0.2.2.tgz",
      "integrity": "sha512-7F2Fl+TjRSenLqlU3UjSH0iyqopqoZIu7eZVpEirP2g1GtWa2G/ecEmBdgz31+Mxr+ELclgg6sokpSFIQiZ02Q==",
      "dev": true,
      "dependencies": {
        "fast-string-width": "^3.0.2"
      }
    },
    "node_modules/fetch-blob": {
      "version": "3.2.0",
      "resolved": "https://registry.npmjs.org/fetch-blob/-/fetch-blob-3.2.0.tgz",
      "integrity": "sha512-7yAQpD2UMJzLi1Dqv7qFYnPbaPx7ZfFK6PiIxQ4PfkGPyNyl2Ugx+a/umUonmKqjhM4DnfbMvdX6otXq83soQQ==",
      "dependencies": {
        "node-domexception": "^1.0.0",
        "web-streams-polyfill": "^3.0.3"
      },
      "engines": {
        "node": "^12.20 || >= 14.13"
      }
    },
    "node_modules/formdata-polyfill": {
      "version": "4.0.10",
      "resolved": "https://registry.npmjs.org/formdata-polyfill/-/formdata-polyfill-4.0.10.tgz",
      "integrity": "sha512-buewHzMvYL29jdeQTVILecSaZKnt/RJWjoZCF5OW60Z67/GmSLBkOFM7qh1PI3zFNtJbaZL5eQu1vLfazOwj4g==",
      "dependencies": {
        "fetch-blob": "^3.1.2"
      },
      "engines": {
        "node": ">=12.20.0"
      }
    },
    "node_modules/graceful-fs": {
      "version": "4.2.11",
      "resolved": "https://registry.npmjs.org/graceful-fs/-/graceful-fs-4.2.11.tgz",
      "integrity": "sha512-RbJ5/jmFcNNCcDV5o9eTnBLJ/HszWV0P73bc+Ff4nS/rJj+YaS6IGyiOL0VoBYX+l1Wrl3k63h/KrH+nhJ0XvQ=="
    },
    "node_modules/lynx-needle": {
      "resolved": "packages/lynx-needle",
      "link": true
    },
    "node_modules/node-addon-api": {
      "version": "7.1.0",
      "resolved": "https://registry.npmjs.org/node-addon-api/-/node-addon-api-7.1.0.tgz",
      "integrity": "sha512-mNcltoe1R8o7STTegSOHdnJNN7s5EUvhoS7ShnTHDyOSd+8H+UdWODq6qSv67PjC8Zc5JRT8+oLAMCr0SIXw7g==",
      "license": "MIT",
      "engines": {
        "node": "^16 || ^18 || >= 20"
      }
    },
    "node_modules/node-domexception": {
      "version": "1.0.0",
      "resolved": "https://registry.npmjs.org/node-domexception/-/node-domexception-1.0.0.tgz",
      "integrity": "sha512-/jKZoMpw0F8GRwl4/eLROPA3cfcXtLApP0QzLmUT/HuPCZWyB7IY9ZrMeKw2O/nFIqPQB3PVM9aYm0F312AXDQ==",
      "deprecated": "Use your platform's native DOMException instead",
      "engines": {
        "node": ">=10.5.0"
      }
    },
    "node_modules/node-fetch": {
      "version": "3.3.2",
      "resolved": "https://registry.npmjs.org/node-fetch/-/node-fetch-3.3.2.tgz",
      "integrity": "sha512-dRB78srN/l6gqWulah9SrxeYnxeddIG30+GOqK/9OlLVyLg3HPnr6SqOWTWOXKRwC2eGYCkZ59NNuSgvSrpgOA==",
      "dependencies": {
        "data-uri-to-buffer": "^4.0.0",
        "fetch-blob": "^3.1.4",
        "formdata-polyfill": "^4.0.10"
      },
      "engines": {
        "node": "^12.20.0 || ^14.13.1 || >=16.0.0"
      }
    },
    "node_modules/pend": {
      "version": "1.2.0",
      "resolved": "https://registry.npmjs.org/pend/-/pend-1.2.0.tgz",
      "integrity": "sha512-F3asv42UuXchdzt+xXqfW1OGlVBe+mxa2mqI0pg5yAHZPvFmY3Y6drSf/GQ1A86WgWEN9Kzh/WrgKa6iGcHXLg=="
    },
    "node_modules/proper-lockfile": {
      "version": "4.1.2",
      "resolved": "https://registry.npmjs.org/proper-lockfile/-/proper-lockfile-4.1.2.tgz",
      "integrity": "sha512-TjNPblN4BwAWMXU8s9AEz4JmQxnD1NNL7bNOY/AKUzyamc379FWASUhc/K1pL2noVb+XmZKLL68cjzLsiOAMaA==",
      "dependencies": {
        "graceful-fs": "^4.2.4",
        "retry": "^0.12.0",
        "signal-exit": "^3.0.2"
      }
    },
    "node_modules/retry": {
      "version": "0.12.0",
      "resolved": "https://registry.npmjs.org/retry/-/retry-0.12.0.tgz",
      "integrity": "sha512-9LkiTwjUh6rT555DtE9rTX+BKByPfrMzEAtnlEtdEwr3Nkffwiihqe2bWADg+OQRjt9gl6ICdmB/ZFDCGAtSow==",
      "engines": {
        "node": ">= 4"
      }
    },
    "node_modules/signal-exit": {
      "version": "3.0.7",
      "resolved": "https://registry.npmjs.org/signal-exit/-/signal-exit-3.0.7.tgz",
      "integrity": "sha512-wnD2ZE+l+SPC/uoS0vXeE9L1+0wuaMqKlfz9AMUo38JsyLSBWSFcHR1Rri62LZc12vLr1gb3jl7iwQhgwpAbGQ=="
    },
    "node_modules/sisteransi": {
      "version": "1.0.5",
      "resolved": "https://registry.npmjs.org/sisteransi/-/sisteransi-1.0.5.tgz",
      "integrity": "sha512-bLGGlR1QxBcynn2d5YmDX4MGjlZvy2MRBDRNHLJ8VI6l6+9FUiyTFNJ0IveOSP0bcXgVDPRcfGqA0pjaqUpfVg==",
      "dev": true
    },
    "node_modules/typescript": {
      "version": "5.9.3",
      "resolved": "https://registry.npmjs.org/typescript/-/typescript-5.9.3.tgz",
      "integrity": "sha512-jl1vZzPDinLr9eUt3J/t7V6FgNEw9QjvBPdysz9KfQDD41fQrC2Y4vKQdiaUpFT4bXlb1RHhLpp8wtm6M5TgSw==",
      "dev": true,
      "license": "Apache-2.0",
      "bin": {
        "tsc": "bin/tsc",
        "tsserver": "bin/tsserver"
      },
      "engines": {
        "node": ">=14.17"
      }
    },
    "node_modules/web-streams-polyfill": {
      "version": "3.3.3",
      "resolved": "https://registry.npmjs.org/web-streams-polyfill/-/web-streams-polyfill-3.3.3.tgz",
      "integrity": "sha512-d2JWLCivmZYTSIoge9MsgFCZrt571BikcWGYkjC1khllbTeDlGqZ2D8vD8E/lJa8WGWbb7Plm8/XJYV7IJHZZw==",
      "engines": {
        "node": ">= 8"
      }
    },
    "node_modules/yauzl": {
      "version": "3.4.0",
      "resolved": "https://registry.npmjs.org/yauzl/-/yauzl-3.4.0.tgz",
      "integrity": "sha512-jIH9yLR9wqr0wOS0TpBvo/g/2UgZH5qePVbjgRliiF0BYvOZyaBknKsF+x9Iht0O6sqgnB93rCICdOZFecJuDw==",
      "dependencies": {
        "pend": "~1.2.0"
      },
      "engines": {
        "node": ">=12"
      }
    },
    "node_modules/yazl": {
      "version": "3.3.1",
      "resolved": "https://registry.npmjs.org/yazl/-/yazl-3.3.1.tgz",
      "integrity": "sha512-BbETDVWG+VcMUle37k5Fqp//7SDOK2/1+T7X8TD96M3D9G8jK5VLUdQVdVjGi8im7FGkazX7kk5hkU8X4L5Bng==",
      "dependencies": {
        "buffer-crc32": "^1.0.0"
      }
    },
    "node_modules/zip-lib": {
      "version": "1.4.0",
      "resolved": "https://registry.npmjs.org/zip-lib/-/zip-lib-1.4.0.tgz",
      "integrity": "sha512-ZRdZqCUW/f9PmQXEYJZL5aI1ElWpOUG3J7TpJc4FqliT3mEUVw6lNRFZGym85+N35tTheO2B/WN/+oAY1QVyrA==",
      "dependencies": {
        "yauzl": "^3.4.0",
        "yazl": "^3.3.1"
      },
      "engines": {
        "node": ">=20"
      }
    },
    "packages/lynx-needle": {
      "version": "0.1.0",
      "license": "MIT",
      "dependencies": {
        "@lynx-js/lynx-library-headers": "0.0.21",
        "@lynx-js/weak-node-api": "0.1.0"
      },
      "devDependencies": {
        "@lynx-js/autolink-codegen": "npm:@lynx-js/autolink-codegen-canary@0.6.0-canary-20260908-9352a903",
        "create-lynx-library-canary": "0.6.1-canary-20260908-9352a903",
        "typescript": "^5.9.0"
      },
      "engines": {
        "node": ">=22"
      }
    }
  }
}
