{
  "name": "lynx-needle",
  "version": "0.1.0",
  "lockfileVersion": 3,
  "requires": true,
  "packages": {
    "": {
      "name": "lynx-needle",
      "version": "0.1.0",
      "license": "Apache-2.0",
      "devDependencies": {
        "@lynx-js/weak-node-api": "0.1.0",
        "typescript": "^5.9.0"
      },
      "engines": {
        "node": ">=22"
      }
    },
    "node_modules/@lynx-js/weak-node-api": {
      "version": "0.1.0",
      "resolved": "https://bnpm.byted.org/@lynx-js/weak-node-api/-/weak-node-api-0.1.0.tgz",
      "integrity": "sha512-FIw4ZCkqvyh7u2icVdIZy6FU8IVWNDJ9AQkom+4YZgTXMlhsDXUY6HPInxln02JuWba+cODwtOPBzBN2BUzQYA==",
      "dev": true,
      "license": "Apache-2.0",
      "dependencies": {
        "node-addon-api": "7.1.0"
      },
      "bin": {
        "create-weak-node-api": "scripts/create.mjs"
      }
    },
    "node_modules/node-addon-api": {
      "version": "7.1.0",
      "resolved": "https://bnpm.byted.org/node-addon-api/-/node-addon-api-7.1.0.tgz",
      "integrity": "sha512-mNcltoe1R8o7STTegSOHdnJNN7s5EUvhoS7ShnTHDyOSd+8H+UdWODq6qSv67PjC8Zc5JRT8+oLAMCr0SIXw7g==",
      "dev": true,
      "license": "MIT",
      "engines": {
        "node": "^16 || ^18 || >= 20"
      }
    },
    "node_modules/typescript": {
      "version": "5.9.3",
      "resolved": "https://bnpm.byted.org/typescript/-/typescript-5.9.3.tgz",
      "integrity": "sha512-jl1vZzPDinLr9eUt3J/t7V6FgNEw9QjvBPdysz9KfQDD41fQrC2Y4vKQdiaUpFT4bXlb1RHhLpp8wtm6M5TgSw==",
      "dev": true,
      "license": "Apache-2.0",
      "bin": {
        "tsc": "bin/tsc",
        "tsserver": "bin/tsserver"
      },
      "engines": {
        "node": ">=14.17"
      }
    }
  }
}
