{
  "name": "lynx-needle-ios-host",
  "version": "0.1.0",
  "lockfileVersion": 2,
  "requires": true,
  "packages": {
    "": {
      "name": "lynx-needle-ios-host",
      "version": "0.1.0",
      "dependencies": {
        "lynx-needle": "file:../.."
      }
    },
    "../..": {
      "version": "0.1.0",
      "license": "MIT",
      "dependencies": {
        "@lynx-js/lynx-library-headers": "0.0.21",
        "@lynx-js/weak-node-api": "0.1.0"
      },
      "devDependencies": {
        "@lynx-js/autolink-codegen": "npm:@lynx-js/autolink-codegen-canary@0.6.0-canary-20260908-9352a903",
        "create-lynx-library-canary": "0.6.1-canary-20260908-9352a903",
        "typescript": "^5.9.0"
      },
      "engines": {
        "node": ">=22"
      }
    },
    "node_modules/lynx-needle": {
      "resolved": "../..",
      "link": true
    }
  },
  "dependencies": {
    "lynx-needle": {
      "version": "file:../..",
      "requires": {
        "@lynx-js/autolink-codegen": "npm:@lynx-js/autolink-codegen-canary@0.6.0-canary-20260908-9352a903",
        "@lynx-js/lynx-library-headers": "0.0.21",
        "@lynx-js/weak-node-api": "0.1.0",
        "create-lynx-library-canary": "0.6.1-canary-20260908-9352a903",
        "typescript": "^5.9.0"
      }
    }
  }
}
